
Microsoft Visual Studio Solution File, Format Version 12.00
# Visual Studio Version 17
VisualStudioVersion = 17.5.33516.290
MinimumVisualStudioVersion = 10.0.40219.1
Project("{2150E333-8FDC-42A3-9474-1A3956D46DE8}") = "src", "src", "{9EE8BFFE-6503-460D-87F3-FFB17D39F0B9}"
EndProject
Project("{2150E333-8FDC-42A3-9474-1A3956D46DE8}") = "Domain", "Domain", "{F88F18CD-192F-4AFB-824D-2B6CD3381EE7}"
EndProject
Project("{2150E333-8FDC-42A3-9474-1A3956D46DE8}") = "Application", "Application", "{9C215F14-BEFC-4438-9BAC-E45DFE14B39F}"
EndProject
Project("{2150E333-8FDC-42A3-9474-1A3956D46DE8}") = "Infrastructure", "Infrastructure", "{3E739326-2440-4EBA-8D98-196A6E0DF411}"
EndProject
Project("{2150E333-8FDC-42A3-9474-1A3956D46DE8}") = "Presentation", "Presentation", "{452945DC-3F4A-4B4B-8F78-EF9E4F45FE4E}"
EndProject
Project("{2150E333-8FDC-42A3-9474-1A3956D46DE8}") = "Tests", "Tests", "{9EA3F887-689D-4487-86F5-217580C588AA}"
EndProject
Project("{FAE04EC0-301F-11D3-BF4B-00C04F79EFBC}") = "Core.Application", "Core.Application\Core.Application.csproj", "{4DF6017C-3B3F-48A0-9EEF-AB0846DA093A}"
EndProject
Project("{FAE04EC0-301F-11D3-BF4B-00C04F79EFBC}") = "Core.Domain", "Core.Domain\Core.Domain.csproj", "{357E9FA6-C88A-46F6-921C-8D29D58268E2}"
EndProject
Project("{FAE04EC0-301F-11D3-BF4B-00C04F79EFBC}") = "Core.Infrastructure", "Core.Infrastructure\Core.Infrastructure.csproj", "{FBC08AE0-63B8-453D-94A7-77A47EDB7A6C}"
EndProject
Project("{FAE04EC0-301F-11D3-BF4B-00C04F79EFBC}") = "Core.Presentation", "Core.Presentation\Core.Presentation.csproj", "{745CED6C-755A-429D-B142-6E91B7E6DB2C}"
EndProject
Project("{2150E333-8FDC-42A3-9474-1A3956D46DE8}") = "App", "App", "{2D85C4C3-C7BB-4242-B01F-2531200FDF73}"
EndProject
Project("{FAE04EC0-301F-11D3-BF4B-00C04F79EFBC}") = "Core.Api", "Core.Api\Core.Api.csproj", "{2010B167-D31B-4887-A611-67540FFF2900}"
EndProject
Project("{FAE04EC0-301F-11D3-BF4B-00C04F79EFBC}") = "Core.TestProject", "Core.TestProject\Core.TestProject.csproj", "{57C28074-2EFE-43C3-8D62-21AFF88E312F}"
EndProject
Global
	GlobalSection(SolutionConfigurationPlatforms) = preSolution
		Debug|Any CPU = Debug|Any CPU
		Release|Any CPU = Release|Any CPU
	EndGlobalSection
	GlobalSection(ProjectConfigurationPlatforms) = postSolution
		{4DF6017C-3B3F-48A0-9EEF-AB0846DA093A}.Debug|Any CPU.ActiveCfg = Debug|Any CPU
		{4DF6017C-3B3F-48A0-9EEF-AB0846DA093A}.Debug|Any CPU.Build.0 = Debug|Any CPU
		{4DF6017C-3B3F-48A0-9EEF-AB0846DA093A}.Release|Any CPU.ActiveCfg = Release|Any CPU
		{4DF6017C-3B3F-48A0-9EEF-AB0846DA093A}.Release|Any CPU.Build.0 = Release|Any CPU
		{357E9FA6-C88A-46F6-921C-8D29D58268E2}.Debug|Any CPU.ActiveCfg = Debug|Any CPU
		{357E9FA6-C88A-46F6-921C-8D29D58268E2}.Debug|Any CPU.Build.0 = Debug|Any CPU
		{357E9FA6-C88A-46F6-921C-8D29D58268E2}.Release|Any CPU.ActiveCfg = Release|Any CPU
		{357E9FA6-C88A-46F6-921C-8D29D58268E2}.Release|Any CPU.Build.0 = Release|Any CPU
		{FBC08AE0-63B8-453D-94A7-77A47EDB7A6C}.Debug|Any CPU.ActiveCfg = Debug|Any CPU
		{FBC08AE0-63B8-453D-94A7-77A47EDB7A6C}.Debug|Any CPU.Build.0 = Debug|Any CPU
		{FBC08AE0-63B8-453D-94A7-77A47EDB7A6C}.Release|Any CPU.ActiveCfg = Release|Any CPU
		{FBC08AE0-63B8-453D-94A7-77A47EDB7A6C}.Release|Any CPU.Build.0 = Release|Any CPU
		{745CED6C-755A-429D-B142-6E91B7E6DB2C}.Debug|Any CPU.ActiveCfg = Debug|Any CPU
		{745CED6C-755A-429D-B142-6E91B7E6DB2C}.Debug|Any CPU.Build.0 = Debug|Any CPU
		{745CED6C-755A-429D-B142-6E91B7E6DB2C}.Release|Any CPU.ActiveCfg = Release|Any CPU
		{745CED6C-755A-429D-B142-6E91B7E6DB2C}.Release|Any CPU.Build.0 = Release|Any CPU
		{2010B167-D31B-4887-A611-67540FFF2900}.Debug|Any CPU.ActiveCfg = Debug|Any CPU
		{2010B167-D31B-4887-A611-67540FFF2900}.Debug|Any CPU.Build.0 = Debug|Any CPU
		{2010B167-D31B-4887-A611-67540FFF2900}.Release|Any CPU.ActiveCfg = Release|Any CPU
		{2010B167-D31B-4887-A611-67540FFF2900}.Release|Any CPU.Build.0 = Release|Any CPU
		{57C28074-2EFE-43C3-8D62-21AFF88E312F}.Debug|Any CPU.ActiveCfg = Debug|Any CPU
		{57C28074-2EFE-43C3-8D62-21AFF88E312F}.Debug|Any CPU.Build.0 = Debug|Any CPU
		{57C28074-2EFE-43C3-8D62-21AFF88E312F}.Release|Any CPU.ActiveCfg = Release|Any CPU
		{57C28074-2EFE-43C3-8D62-21AFF88E312F}.Release|Any CPU.Build.0 = Release|Any CPU
	EndGlobalSection
	GlobalSection(SolutionProperties) = preSolution
		HideSolutionNode = FALSE
	EndGlobalSection
	GlobalSection(NestedProjects) = preSolution
		{F88F18CD-192F-4AFB-824D-2B6CD3381EE7} = {9EE8BFFE-6503-460D-87F3-FFB17D39F0B9}
		{9C215F14-BEFC-4438-9BAC-E45DFE14B39F} = {9EE8BFFE-6503-460D-87F3-FFB17D39F0B9}
		{3E739326-2440-4EBA-8D98-196A6E0DF411} = {9EE8BFFE-6503-460D-87F3-FFB17D39F0B9}
		{452945DC-3F4A-4B4B-8F78-EF9E4F45FE4E} = {9EE8BFFE-6503-460D-87F3-FFB17D39F0B9}
		{4DF6017C-3B3F-48A0-9EEF-AB0846DA093A} = {9C215F14-BEFC-4438-9BAC-E45DFE14B39F}
		{357E9FA6-C88A-46F6-921C-8D29D58268E2} = {F88F18CD-192F-4AFB-824D-2B6CD3381EE7}
		{FBC08AE0-63B8-453D-94A7-77A47EDB7A6C} = {3E739326-2440-4EBA-8D98-196A6E0DF411}
		{745CED6C-755A-429D-B142-6E91B7E6DB2C} = {452945DC-3F4A-4B4B-8F78-EF9E4F45FE4E}
		{2D85C4C3-C7BB-4242-B01F-2531200FDF73} = {9EE8BFFE-6503-460D-87F3-FFB17D39F0B9}
		{2010B167-D31B-4887-A611-67540FFF2900} = {2D85C4C3-C7BB-4242-B01F-2531200FDF73}
		{57C28074-2EFE-43C3-8D62-21AFF88E312F} = {9EA3F887-689D-4487-86F5-217580C588AA}
	EndGlobalSection
	GlobalSection(ExtensibilityGlobals) = postSolution
		SolutionGuid = {421B305D-B9C3-4186-8048-0FF9D8EC29FE}
	EndGlobalSection
EndGlobal
